// !$*UTF8*$!
{
	archiveVersion = 1;
	classes = {
	};
	objectVersion = 46;
	objects = {

/* Begin PBXBuildFile section */
		91177EBB1EB5865D00DB66A5 /* AppDelegate.swift in Sources */ = {isa = PBXBuildFile; fileRef = 91177EBA1EB5865D00DB66A5 /* AppDelegate.swift */; };
		91177EBD1EB5865D00DB66A5 /* IniViewController.swift in Sources */ = {isa = PBXBuildFile; fileRef = 91177EBC1EB5865D00DB66A5 /* IniViewController.swift */; };
		91177EC01EB5865D00DB66A5 /* Main.storyboard in Resources */ = {isa = PBXBuildFile; fileRef = 91177EBE1EB5865D00DB66A5 /* Main.storyboard */; };
		91177EC21EB5865D00DB66A5 /* Assets.xcassets in Resources */ = {isa = PBXBuildFile; fileRef = 91177EC11EB5865D00DB66A5 /* Assets.xcassets */; };
		91177EC51EB5865D00DB66A5 /* LaunchScreen.storyboard in Resources */ = {isa = PBXBuildFile; fileRef = 91177EC31EB5865D00DB66A5 /* LaunchScreen.storyboard */; };
		91177EEF1EB5933800DB66A5 /* LoginViewController.swift in Sources */ = {isa = PBXBuildFile; fileRef = 91177EEE1EB5933800DB66A5 /* LoginViewController.swift */; };
		91177EF11EB5978200DB66A5 /* AddressViewController.swift in Sources */ = {isa = PBXBuildFile; fileRef = 91177EF01EB5978200DB66A5 /* AddressViewController.swift */; };
		91177EF31EB5981A00DB66A5 /* RegisterViewController.swift in Sources */ = {isa = PBXBuildFile; fileRef = 91177EF21EB5981A00DB66A5 /* RegisterViewController.swift */; };
		91177EF51EB59C8700DB66A5 /* RestaurantViewController.swift in Sources */ = {isa = PBXBuildFile; fileRef = 91177EF41EB59C8700DB66A5 /* RestaurantViewController.swift */; };
		91177EF71EB59C9500DB66A5 /* RestaurantCell.swift in Sources */ = {isa = PBXBuildFile; fileRef = 91177EF61EB59C9500DB66A5 /* RestaurantCell.swift */; };
		91177EF91EB59D1000DB66A5 /* RestaurantStore.swift in Sources */ = {isa = PBXBuildFile; fileRef = 91177EF81EB59D1000DB66A5 /* RestaurantStore.swift */; };
		91177EFB1EB5D85100DB66A5 /* AddtoresViewController.swift in Sources */ = {isa = PBXBuildFile; fileRef = 91177EFA1EB5D85100DB66A5 /* AddtoresViewController.swift */; };
		91177EFD1EB5E8C900DB66A5 /* DetailsViewController.swift in Sources */ = {isa = PBXBuildFile; fileRef = 91177EFC1EB5E8C900DB66A5 /* DetailsViewController.swift */; };
		91177EFF1EB5E94400DB66A5 /* MenuStore.swift in Sources */ = {isa = PBXBuildFile; fileRef = 91177EFE1EB5E94400DB66A5 /* MenuStore.swift */; };
		91177F011EB5E96F00DB66A5 /* Dish.swift in Sources */ = {isa = PBXBuildFile; fileRef = 91177F001EB5E96F00DB66A5 /* Dish.swift */; };
		91177F031EB5E98D00DB66A5 /* DishCell.swift in Sources */ = {isa = PBXBuildFile; fileRef = 91177F021EB5E98D00DB66A5 /* DishCell.swift */; };
		91177F051EB5E99E00DB66A5 /* DishViewController.swift in Sources */ = {isa = PBXBuildFile; fileRef = 91177F041EB5E99E00DB66A5 /* DishViewController.swift */; };
		91177F071EB5E9BB00DB66A5 /* CartCell.swift in Sources */ = {isa = PBXBuildFile; fileRef = 91177F061EB5E9BB00DB66A5 /* CartCell.swift */; };
		91177F091EB5E9E300DB66A5 /* CartViewController.swift in Sources */ = {isa = PBXBuildFile; fileRef = 91177F081EB5E9E300DB66A5 /* CartViewController.swift */; };
		9184296F1EB7186200B51F4B /* MapKit.framework in Frameworks */ = {isa = PBXBuildFile; fileRef = 9184296E1EB7186200B51F4B /* MapKit.framework */; };
		918429711EB71C2D00B51F4B /* MapViewController.swift in Sources */ = {isa = PBXBuildFile; fileRef = 918429701EB71C2D00B51F4B /* MapViewController.swift */; };
		918429731EB71C7C00B51F4B /* VCMapView.swift in Sources */ = {isa = PBXBuildFile; fileRef = 918429721EB71C7C00B51F4B /* VCMapView.swift */; };
		918429751EB71CA400B51F4B /* Artwork.swift in Sources */ = {isa = PBXBuildFile; fileRef = 918429741EB71CA400B51F4B /* Artwork.swift */; };
/* End PBXBuildFile section */

/* Begin PBXFileReference section */
		91177EB71EB5865D00DB66A5 /* Ffor.app */ = {isa = PBXFileReference; explicitFileType = wrapper.application; includeInIndex = 0; path = Ffor.app; sourceTree = BUILT_PRODUCTS_DIR; };
		91177EBA1EB5865D00DB66A5 /* AppDelegate.swift */ = {isa = PBXFileReference; lastKnownFileType = sourcecode.swift; path = AppDelegate.swift; sourceTree = "<group>"; };
		91177EBC1EB5865D00DB66A5 /* IniViewController.swift */ = {isa = PBXFileReference; lastKnownFileType = sourcecode.swift; path = IniViewController.swift; sourceTree = "<group>"; };
		91177EBF1EB5865D00DB66A5 /* Base */ = {isa = PBXFileReference; lastKnownFileType = file.storyboard; name = Base; path = Base.lproj/Main.storyboard; sourceTree = "<group>"; };
		91177EC11EB5865D00DB66A5 /* Assets.xcassets */ = {isa = PBXFileReference; lastKnownFileType = folder.assetcatalog; path = Assets.xcassets; sourceTree = "<group>"; };
		91177EC41EB5865D00DB66A5 /* Base */ = {isa = PBXFileReference; lastKnownFileType = file.storyboard; name = Base; path = Base.lproj/LaunchScreen.storyboard; sourceTree = "<group>"; };
		91177EC61EB5865E00DB66A5 /* Info.plist */ = {isa = PBXFileReference; lastKnownFileType = text.plist.xml; path = Info.plist; sourceTree = "<group>"; };
		91177EEE1EB5933800DB66A5 /* LoginViewController.swift */ = {isa = PBXFileReference; fileEncoding = 4; lastKnownFileType = sourcecode.swift; path = LoginViewController.swift; sourceTree = "<group>"; };
		91177EF01EB5978200DB66A5 /* AddressViewController.swift */ = {isa = PBXFileReference; fileEncoding = 4; lastKnownFileType = sourcecode.swift; path = AddressViewController.swift; sourceTree = "<group>"; };
		91177EF21EB5981A00DB66A5 /* RegisterViewController.swift */ = {isa = PBXFileReference; fileEncoding = 4; lastKnownFileType = sourcecode.swift; path = RegisterViewController.swift; sourceTree = "<group>"; };
		91177EF41EB59C8700DB66A5 /* RestaurantViewController.swift */ = {isa = PBXFileReference; fileEncoding = 4; lastKnownFileType = sourcecode.swift; path = RestaurantViewController.swift; sourceTree = "<group>"; };
		91177EF61EB59C9500DB66A5 /* RestaurantCell.swift */ = {isa = PBXFileReference; fileEncoding = 4; lastKnownFileType = sourcecode.swift; path = RestaurantCell.swift; sourceTree = "<group>"; };
		91177EF81EB59D1000DB66A5 /* RestaurantStore.swift */ = {isa = PBXFileReference; fileEncoding = 4; lastKnownFileType = sourcecode.swift; path = RestaurantStore.swift; sourceTree = "<group>"; };
		91177EFA1EB5D85100DB66A5 /* AddtoresViewController.swift */ = {isa = PBXFileReference; fileEncoding = 4; lastKnownFileType = sourcecode.swift; path = AddtoresViewController.swift; sourceTree = "<group>"; };
		91177EFC1EB5E8C900DB66A5 /* DetailsViewController.swift */ = {isa = PBXFileReference; fileEncoding = 4; lastKnownFileType = sourcecode.swift; path = DetailsViewController.swift; sourceTree = "<group>"; };
		91177EFE1EB5E94400DB66A5 /* MenuStore.swift */ = {isa = PBXFileReference; fileEncoding = 4; lastKnownFileType = sourcecode.swift; path = MenuStore.swift; sourceTree = "<group>"; };
		91177F001EB5E96F00DB66A5 /* Dish.swift */ = {isa = PBXFileReference; fileEncoding = 4; lastKnownFileType = sourcecode.swift; path = Dish.swift; sourceTree = "<group>"; };
		91177F021EB5E98D00DB66A5 /* DishCell.swift */ = {isa = PBXFileReference; fileEncoding = 4; lastKnownFileType = sourcecode.swift; path = DishCell.swift; sourceTree = "<group>"; };
		91177F041EB5E99E00DB66A5 /* DishViewController.swift */ = {isa = PBXFileReference; fileEncoding = 4; lastKnownFileType = sourcecode.swift; path = DishViewController.swift; sourceTree = "<group>"; };
		91177F061EB5E9BB00DB66A5 /* CartCell.swift */ = {isa = PBXFileReference; fileEncoding = 4; lastKnownFileType = sourcecode.swift; path = CartCell.swift; sourceTree = "<group>"; };
		91177F081EB5E9E300DB66A5 /* CartViewController.swift */ = {isa = PBXFileReference; fileEncoding = 4; lastKnownFileType = sourcecode.swift; path = CartViewController.swift; sourceTree = "<group>"; };
		9184296E1EB7186200B51F4B /* MapKit.framework */ = {isa = PBXFileReference; lastKnownFileType = wrapper.framework; name = MapKit.framework; path = System/Library/Frameworks/MapKit.framework; sourceTree = SDKROOT; };
		918429701EB71C2D00B51F4B /* MapViewController.swift */ = {isa = PBXFileReference; fileEncoding = 4; lastKnownFileType = sourcecode.swift; path = MapViewController.swift; sourceTree = "<group>"; };
		918429721EB71C7C00B51F4B /* VCMapView.swift */ = {isa = PBXFileReference; fileEncoding = 4; lastKnownFileType = sourcecode.swift; path = VCMapView.swift; sourceTree = "<group>"; };
		918429741EB71CA400B51F4B /* Artwork.swift */ = {isa = PBXFileReference; fileEncoding = 4; lastKnownFileType = sourcecode.swift; path = Artwork.swift; sourceTree = "<group>"; };
/* End PBXFileReference section */

/* Begin PBXFrameworksBuildPhase section */
		91177EB41EB5865D00DB66A5 /* Frameworks */ = {
			isa = PBXFrameworksBuildPhase;
			buildActionMask = 2147483647;
			files = (
				9184296F1EB7186200B51F4B /* MapKit.framework in Frameworks */,
			);
			runOnlyForDeploymentPostprocessing = 0;
		};
/* End PBXFrameworksBuildPhase section */

/* Begin PBXGroup section */
		91177EAE1EB5865D00DB66A5 = {
			isa = PBXGroup;
			children = (
				9184296E1EB7186200B51F4B /* MapKit.framework */,
				91177EB91EB5865D00DB66A5 /* Ffor */,
				91177EB81EB5865D00DB66A5 /* Products */,
			);
			sourceTree = "<group>";
		};
		91177EB81EB5865D00DB66A5 /* Products */ = {
			isa = PBXGroup;
			children = (
				91177EB71EB5865D00DB66A5 /* Ffor.app */,
			);
			name = Products;
			sourceTree = "<group>";
		};
		91177EB91EB5865D00DB66A5 /* Ffor */ = {
			isa = PBXGroup;
			children = (
				91177EBA1EB5865D00DB66A5 /* AppDelegate.swift */,
				91177EBE1EB5865D00DB66A5 /* Main.storyboard */,
				91177EC11EB5865D00DB66A5 /* Assets.xcassets */,
				91177EC31EB5865D00DB66A5 /* LaunchScreen.storyboard */,
				91177EC61EB5865E00DB66A5 /* Info.plist */,
				91177EBC1EB5865D00DB66A5 /* IniViewController.swift */,
				91177EEE1EB5933800DB66A5 /* LoginViewController.swift */,
				91177EF21EB5981A00DB66A5 /* RegisterViewController.swift */,
				91177EF01EB5978200DB66A5 /* AddressViewController.swift */,
				91177EF41EB59C8700DB66A5 /* RestaurantViewController.swift */,
				91177EF61EB59C9500DB66A5 /* RestaurantCell.swift */,
				91177EF81EB59D1000DB66A5 /* RestaurantStore.swift */,
				91177EFC1EB5E8C900DB66A5 /* DetailsViewController.swift */,
				91177EFE1EB5E94400DB66A5 /* MenuStore.swift */,
				91177F001EB5E96F00DB66A5 /* Dish.swift */,
				91177F021EB5E98D00DB66A5 /* DishCell.swift */,
				91177F041EB5E99E00DB66A5 /* DishViewController.swift */,
				91177F061EB5E9BB00DB66A5 /* CartCell.swift */,
				91177F081EB5E9E300DB66A5 /* CartViewController.swift */,
				91177EFA1EB5D85100DB66A5 /* AddtoresViewController.swift */,
				918429701EB71C2D00B51F4B /* MapViewController.swift */,
				918429721EB71C7C00B51F4B /* VCMapView.swift */,
				918429741EB71CA400B51F4B /* Artwork.swift */,
			);
			path = Ffor;
			sourceTree = "<group>";
		};
/* End PBXGroup section */

/* Begin PBXNativeTarget section */
		91177EB61EB5865D00DB66A5 /* Ffor */ = {
			isa = PBXNativeTarget;
			buildConfigurationList = 91177EC91EB5865E00DB66A5 /* Build configuration list for PBXNativeTarget "Ffor" */;
			buildPhases = (
				91177EB31EB5865D00DB66A5 /* Sources */,
				91177EB41EB5865D00DB66A5 /* Frameworks */,
				91177EB51EB5865D00DB66A5 /* Resources */,
			);
			buildRules = (
			);
			dependencies = (
			);
			name = Ffor;
			productName = Ffor;
			productReference = 91177EB71EB5865D00DB66A5 /* Ffor.app */;
			productType = "com.apple.product-type.application";
		};
/* End PBXNativeTarget section */

/* Begin PBXProject section */
		91177EAF1EB5865D00DB66A5 /* Project object */ = {
			isa = PBXProject;
			attributes = {
				LastSwiftUpdateCheck = 0730;
				LastUpgradeCheck = 0730;
				ORGANIZATIONNAME = "Triveni Ashok Naik";
				TargetAttributes = {
					91177EB61EB5865D00DB66A5 = {
						CreatedOnToolsVersion = 7.3.1;
					};
				};
			};
			buildConfigurationList = 91177EB21EB5865D00DB66A5 /* Build configuration list for PBXProject "Ffor" */;
			compatibilityVersion = "Xcode 3.2";
			developmentRegion = English;
			hasScannedForEncodings = 0;
			knownRegions = (
				en,
				Base,
			);
			mainGroup = 91177EAE1EB5865D00DB66A5;
			productRefGroup = 91177EB81EB5865D00DB66A5 /* Products */;
			projectDirPath = "";
			projectRoot = "";
			targets = (
				91177EB61EB5865D00DB66A5 /* Ffor */,
			);
		};
/* End PBXProject section */

/* Begin PBXResourcesBuildPhase section */
		91177EB51EB5865D00DB66A5 /* Resources */ = {
			isa = PBXResourcesBuildPhase;
			buildActionMask = 2147483647;
			files = (
				91177EC51EB5865D00DB66A5 /* LaunchScreen.storyboard in Resources */,
				91177EC21EB5865D00DB66A5 /* Assets.xcassets in Resources */,
				91177EC01EB5865D00DB66A5 /* Main.storyboard in Resources */,
			);
			runOnlyForDeploymentPostprocessing = 0;
		};
/* End PBXResourcesBuildPhase section */

/* Begin PBXSourcesBuildPhase section */
		91177EB31EB5865D00DB66A5 /* Sources */ = {
			isa = PBXSourcesBuildPhase;
			buildActionMask = 2147483647;
			files = (
				918429731EB71C7C00B51F4B /* VCMapView.swift in Sources */,
				91177EEF1EB5933800DB66A5 /* LoginViewController.swift in Sources */,
				91177F071EB5E9BB00DB66A5 /* CartCell.swift in Sources */,
				91177EF51EB59C8700DB66A5 /* RestaurantViewController.swift in Sources */,
				91177EF31EB5981A00DB66A5 /* RegisterViewController.swift in Sources */,
				91177EBD1EB5865D00DB66A5 /* IniViewController.swift in Sources */,
				91177EBB1EB5865D00DB66A5 /* AppDelegate.swift in Sources */,
				91177EFB1EB5D85100DB66A5 /* AddtoresViewController.swift in Sources */,
				91177F051EB5E99E00DB66A5 /* DishViewController.swift in Sources */,
				91177EF11EB5978200DB66A5 /* AddressViewController.swift in Sources */,
				91177EF91EB59D1000DB66A5 /* RestaurantStore.swift in Sources */,
				918429751EB71CA400B51F4B /* Artwork.swift in Sources */,
				91177EF71EB59C9500DB66A5 /* RestaurantCell.swift in Sources */,
				91177F011EB5E96F00DB66A5 /* Dish.swift in Sources */,
				91177F091EB5E9E300DB66A5 /* CartViewController.swift in Sources */,
				91177EFF1EB5E94400DB66A5 /* MenuStore.swift in Sources */,
				91177F031EB5E98D00DB66A5 /* DishCell.swift in Sources */,
				91177EFD1EB5E8C900DB66A5 /* DetailsViewController.swift in Sources */,
				918429711EB71C2D00B51F4B /* MapViewController.swift in Sources */,
			);
			runOnlyForDeploymentPostprocessing = 0;
		};
/* End PBXSourcesBuildPhase section */

/* Begin PBXVariantGroup section */
		91177EBE1EB5865D00DB66A5 /* Main.storyboard */ = {
			isa = PBXVariantGroup;
			children = (
				91177EBF1EB5865D00DB66A5 /* Base */,
			);
			name = Main.storyboard;
			sourceTree = "<group>";
		};
		91177EC31EB5865D00DB66A5 /* LaunchScreen.storyboard */ = {
			isa = PBXVariantGroup;
			children = (
				91177EC41EB5865D00DB66A5 /* Base */,
			);
			name = LaunchScreen.storyboard;
			sourceTree = "<group>";
		};
/* End PBXVariantGroup section */

/* Begin XCBuildConfiguration section */
		91177EC71EB5865E00DB66A5 /* Debug */ = {
			isa = XCBuildConfiguration;
			buildSettings = {
				ALWAYS_SEARCH_USER_PATHS = NO;
				CLANG_ANALYZER_NONNULL = YES;
				CLANG_CXX_LANGUAGE_STANDARD = "gnu++0x";
				CLANG_CXX_LIBRARY = "libc++";
				CLANG_ENABLE_MODULES = YES;
				CLANG_ENABLE_OBJC_ARC = YES;
				CLANG_WARN_BOOL_CONVERSION = YES;
				CLANG_WARN_CONSTANT_CONVERSION = YES;
				CLANG_WARN_DIRECT_OBJC_ISA_USAGE = YES_ERROR;
				CLANG_WARN_EMPTY_BODY = YES;
				CLANG_WARN_ENUM_CONVERSION = YES;
				CLANG_WARN_INT_CONVERSION = YES;
				CLANG_WARN_OBJC_ROOT_CLASS = YES_ERROR;
				CLANG_WARN_UNREACHABLE_CODE = YES;
				CLANG_WARN__DUPLICATE_METHOD_MATCH = YES;
				"CODE_SIGN_IDENTITY[sdk=iphoneos*]" = "iPhone Developer";
				COPY_PHASE_STRIP = NO;
				DEBUG_INFORMATION_FORMAT = dwarf;
				ENABLE_STRICT_OBJC_MSGSEND = YES;
				ENABLE_TESTABILITY = YES;
				GCC_C_LANGUAGE_STANDARD = gnu99;
				GCC_DYNAMIC_NO_PIC = NO;
				GCC_NO_COMMON_BLOCKS = YES;
				GCC_OPTIMIZATION_LEVEL = 0;
				GCC_PREPROCESSOR_DEFINITIONS = (
					"DEBUG=1",
					"$(inherited)",
				);
				GCC_WARN_64_TO_32_BIT_CONVERSION = YES;
				GCC_WARN_ABOUT_RETURN_TYPE = YES_ERROR;
				GCC_WARN_UNDECLARED_SELECTOR = YES;
				GCC_WARN_UNINITIALIZED_AUTOS = YES_AGGRESSIVE;
				GCC_WARN_UNUSED_FUNCTION = YES;
				GCC_WARN_UNUSED_VARIABLE = YES;
				IPHONEOS_DEPLOYMENT_TARGET = 9.3;
				MTL_ENABLE_DEBUG_INFO = YES;
				ONLY_ACTIVE_ARCH = YES;
				SDKROOT = iphoneos;
				SWIFT_OPTIMIZATION_LEVEL = "-Onone";
			};
			name = Debug;
		};
		91177EC81EB5865E00DB66A5 /* Release */ = {
			isa = XCBuildConfiguration;
			buildSettings = {
				ALWAYS_SEARCH_USER_PATHS = NO;
				CLANG_ANALYZER_NONNULL = YES;
				CLANG_CXX_LANGUAGE_STANDARD = "gnu++0x";
				CLANG_CXX_LIBRARY = "libc++";
				CLANG_ENABLE_MODULES = YES;
				CLANG_ENABLE_OBJC_ARC = YES;
				CLANG_WARN_BOOL_CONVERSION = YES;
				CLANG_WARN_CONSTANT_CONVERSION = YES;
				CLANG_WARN_DIRECT_OBJC_ISA_USAGE = YES_ERROR;
				CLANG_WARN_EMPTY_BODY = YES;
				CLANG_WARN_ENUM_CONVERSION = YES;
				CLANG_WARN_INT_CONVERSION = YES;
				CLANG_WARN_OBJC_ROOT_CLASS = YES_ERROR;
				CLANG_WARN_UNREACHABLE_CODE = YES;
				CLANG_WARN__DUPLICATE_METHOD_MATCH = YES;
				"CODE_SIGN_IDENTITY[sdk=iphoneos*]" = "iPhone Developer";
				COPY_PHASE_STRIP = NO;
				DEBUG_INFORMATION_FORMAT = "dwarf-with-dsym";
				ENABLE_NS_ASSERTIONS = NO;
				ENABLE_STRICT_OBJC_MSGSEND = YES;
				GCC_C_LANGUAGE_STANDARD = gnu99;
				GCC_NO_COMMON_BLOCKS = YES;
				GCC_WARN_64_TO_32_BIT_CONVERSION = YES;
				GCC_WARN_ABOUT_RETURN_TYPE = YES_ERROR;
				GCC_WARN_UNDECLARED_SELECTOR = YES;
				GCC_WARN_UNINITIALIZED_AUTOS = YES_AGGRESSIVE;
				GCC_WARN_UNUSED_FUNCTION = YES;
				GCC_WARN_UNUSED_VARIABLE = YES;
				IPHONEOS_DEPLOYMENT_TARGET = 9.3;
				MTL_ENABLE_DEBUG_INFO = NO;
				SDKROOT = iphoneos;
				VALIDATE_PRODUCT = YES;
			};
			name = Release;
		};
		91177ECA1EB5865E00DB66A5 /* Debug */ = {
			isa = XCBuildConfiguration;
			buildSettings = {
				ASSETCATALOG_COMPILER_APPICON_NAME = AppIcon;
				INFOPLIST_FILE = Ffor/Info.plist;
				LD_RUNPATH_SEARCH_PATHS = "$(inherited) @executable_path/Frameworks";
				PRODUCT_BUNDLE_IDENTIFIER = "F-for-app.Ffor";
				PRODUCT_NAME = "$(TARGET_NAME)";
			};
			name = Debug;
		};
		91177ECB1EB5865E00DB66A5 /* Release */ = {
			isa = XCBuildConfiguration;
			buildSettings = {
				ASSETCATALOG_COMPILER_APPICON_NAME = AppIcon;
				INFOPLIST_FILE = Ffor/Info.plist;
				LD_RUNPATH_SEARCH_PATHS = "$(inherited) @executable_path/Frameworks";
				PRODUCT_BUNDLE_IDENTIFIER = "F-for-app.Ffor";
				PRODUCT_NAME = "$(TARGET_NAME)";
			};
			name = Release;
		};
/* End XCBuildConfiguration section */

/* Begin XCConfigurationList section */
		91177EB21EB5865D00DB66A5 /* Build configuration list for PBXProject "Ffor" */ = {
			isa = XCConfigurationList;
			buildConfigurations = (
				91177EC71EB5865E00DB66A5 /* Debug */,
				91177EC81EB5865E00DB66A5 /* Release */,
			);
			defaultConfigurationIsVisible = 0;
			defaultConfigurationName = Release;
		};
		91177EC91EB5865E00DB66A5 /* Build configuration list for PBXNativeTarget "Ffor" */ = {
			isa = XCConfigurationList;
			buildConfigurations = (
				91177ECA1EB5865E00DB66A5 /* Debug */,
				91177ECB1EB5865E00DB66A5 /* Release */,
			);
			defaultConfigurationIsVisible = 0;
			defaultConfigurationName = Release;
		};
/* End XCConfigurationList section */
	};
	rootObject = 91177EAF1EB5865D00DB66A5 /* Project object */;
}
